{
  "nodes": {
    "nixpkgs": {
      "locked": {
        "lastModified": 1753749649,
        "narHash": "sha256-+jkEZxs7bfOKfBIk430K+tK9IvXlwzqQQnppC2ZKFj4=",
        "rev": "1f08a4df998e21f4e8be8fb6fbf61d11a1a5076a",
        "revCount": 807209,
        "type": "tarball",
        "url": "https://api.flakehub.com/f/pinned/NixOS/nixpkgs/0.2505.807209%2Brev-1f08a4df998e21f4e8be8fb6fbf61d11a1a5076a/019859dd-d3bc-7ef1-af24-63331bb92774/source.tar.gz"
      },
      "original": {
        "type": "tarball",
        "url": "https://flakehub.com/f/NixOS/nixpkgs/%2A.tar.gz"
      }
    },
    "root": {
      "inputs": {
        "nixpkgs": "nixpkgs"
      }
    }
  },
  "root": "root",
  "version": 7
}
